
Microsoft Visual Studio Solution File, Format Version 12.00
# Visual Studio Version 17
VisualStudioVersion = 17.6.33723.286
MinimumVisualStudioVersion = 10.0.40219.1
Project("{FAE04EC0-301F-11D3-BF4B-00C04F79EFBC}") = "Virtual, new and override", "Virtual, new and override\Virtual, new and override.csproj", "{2F0102DE-C240-4A28-AE63-2336BB4F1679}"
EndProject
Global
	GlobalSection(SolutionConfigurationPlatforms) = preSolution
		Debug|Any CPU = Debug|Any CPU
		Release|Any CPU = Release|Any CPU
	EndGlobalSection
	GlobalSection(ProjectConfigurationPlatforms) = postSolution
		{2F0102DE-C240-4A28-AE63-2336BB4F1679}.Debug|Any CPU.ActiveCfg = Debug|Any CPU
		{2F0102DE-C240-4A28-AE63-2336BB4F1679}.Debug|Any CPU.Build.0 = Debug|Any CPU
		{2F0102DE-C240-4A28-AE63-2336BB4F1679}.Release|Any CPU.ActiveCfg = Release|Any CPU
		{2F0102DE-C240-4A28-AE63-2336BB4F1679}.Release|Any CPU.Build.0 = Release|Any CPU
	EndGlobalSection
	GlobalSection(SolutionProperties) = preSolution
		HideSolutionNode = FALSE
	EndGlobalSection
	GlobalSection(ExtensibilityGlobals) = postSolution
		SolutionGuid = {490BF2C2-092E-46B1-ADB8-AC1E2B3A62DE}
	EndGlobalSection
EndGlobal
